// !$*UTF8*$!
{
	archiveVersion = 1;
	classes = {
	};
	objectVersion = 50;
	objects = {

/* Begin PBXBuildFile section */
		0D612A3BB82A73329886D348 /* Pods_LeaningPush.framework in Frameworks */ = {isa = PBXBuildFile; fileRef = 208BE235ED0321A392E39D4D /* Pods_LeaningPush.framework */; };
		E91E155024D41BB200332BB7 /* AppDelegate.swift in Sources */ = {isa = PBXBuildFile; fileRef = E91E154F24D41BB200332BB7 /* AppDelegate.swift */; };
		E91E155224D41BB200332BB7 /* SceneDelegate.swift in Sources */ = {isa = PBXBuildFile; fileRef = E91E155124D41BB200332BB7 /* SceneDelegate.swift */; };
		E91E155424D41BB200332BB7 /* ViewController.swift in Sources */ = {isa = PBXBuildFile; fileRef = E91E155324D41BB200332BB7 /* ViewController.swift */; };
		E91E155724D41BB200332BB7 /* Main.storyboard in Resources */ = {isa = PBXBuildFile; fileRef = E91E155524D41BB200332BB7 /* Main.storyboard */; };
		E91E155924D41BB400332BB7 /* Assets.xcassets in Resources */ = {isa = PBXBuildFile; fileRef = E91E155824D41BB400332BB7 /* Assets.xcassets */; };
		E91E155C24D41BB400332BB7 /* LaunchScreen.storyboard in Resources */ = {isa = PBXBuildFile; fileRef = E91E155A24D41BB400332BB7 /* LaunchScreen.storyboard */; };
/* End PBXBuildFile section */

/* Begin PBXFileReference section */
		09D5229ED0EFD0E49D3FADFF /* Pods-LeaningPush.debug.xcconfig */ = {isa = PBXFileReference; includeInIndex = 1; lastKnownFileType = text.xcconfig; name = "Pods-LeaningPush.debug.xcconfig"; path = "Target Support Files/Pods-LeaningPush/Pods-LeaningPush.debug.xcconfig"; sourceTree = "<group>"; };
		0CACE9F072DC6799E7F10FCC /* Pods-LeaningPush.release.xcconfig */ = {isa = PBXFileReference; includeInIndex = 1; lastKnownFileType = text.xcconfig; name = "Pods-LeaningPush.release.xcconfig"; path = "Target Support Files/Pods-LeaningPush/Pods-LeaningPush.release.xcconfig"; sourceTree = "<group>"; };
		208BE235ED0321A392E39D4D /* Pods_LeaningPush.framework */ = {isa = PBXFileReference; explicitFileType = wrapper.framework; includeInIndex = 0; path = Pods_LeaningPush.framework; sourceTree = BUILT_PRODUCTS_DIR; };
		E91E154C24D41BB200332BB7 /* LeaningPush.app */ = {isa = PBXFileReference; explicitFileType = wrapper.application; includeInIndex = 0; path = LeaningPush.app; sourceTree = BUILT_PRODUCTS_DIR; };
		E91E154F24D41BB200332BB7 /* AppDelegate.swift */ = {isa = PBXFileReference; lastKnownFileType = sourcecode.swift; path = AppDelegate.swift; sourceTree = "<group>"; };
		E91E155124D41BB200332BB7 /* SceneDelegate.swift */ = {isa = PBXFileReference; lastKnownFileType = sourcecode.swift; path = SceneDelegate.swift; sourceTree = "<group>"; };
		E91E155324D41BB200332BB7 /* ViewController.swift */ = {isa = PBXFileReference; lastKnownFileType = sourcecode.swift; path = ViewController.swift; sourceTree = "<group>"; };
		E91E155624D41BB200332BB7 /* Base */ = {isa = PBXFileReference; lastKnownFileType = file.storyboard; name = Base; path = Base.lproj/Main.storyboard; sourceTree = "<group>"; };
		E91E155824D41BB400332BB7 /* Assets.xcassets */ = {isa = PBXFileReference; lastKnownFileType = folder.assetcatalog; path = Assets.xcassets; sourceTree = "<group>"; };
		E91E155B24D41BB400332BB7 /* Base */ = {isa = PBXFileReference; lastKnownFileType = file.storyboard; name = Base; path = Base.lproj/LaunchScreen.storyboard; sourceTree = "<group>"; };
		E91E155D24D41BB400332BB7 /* Info.plist */ = {isa = PBXFileReference; lastKnownFileType = text.plist.xml; path = Info.plist; sourceTree = "<group>"; };
/* End PBXFileReference section */

/* Begin PBXFrameworksBuildPhase section */
		E91E154924D41BB200332BB7 /* Frameworks */ = {
			isa = PBXFrameworksBuildPhase;
			buildActionMask = 2147483647;
			files = (
				0D612A3BB82A73329886D348 /* Pods_LeaningPush.framework in Frameworks */,
			);
			runOnlyForDeploymentPostprocessing = 0;
		};
/* End PBXFrameworksBuildPhase section */

/* Begin PBXGroup section */
		0A088CE53216E516673EB4C2 /* Frameworks */ = {
			isa = PBXGroup;
			children = (
				208BE235ED0321A392E39D4D /* Pods_LeaningPush.framework */,
			);
			name = Frameworks;
			sourceTree = "<group>";
		};
		338EEE6A2BD7FD7041F0F03B /* Pods */ = {
			isa = PBXGroup;
			children = (
				09D5229ED0EFD0E49D3FADFF /* Pods-LeaningPush.debug.xcconfig */,
				0CACE9F072DC6799E7F10FCC /* Pods-LeaningPush.release.xcconfig */,
			);
			name = Pods;
			path = Pods;
			sourceTree = "<group>";
		};
		E91E154324D41BB200332BB7 = {
			isa = PBXGroup;
			children = (
				E91E154E24D41BB200332BB7 /* LeaningPush */,
				E91E154D24D41BB200332BB7 /* Products */,
				338EEE6A2BD7FD7041F0F03B /* Pods */,
				0A088CE53216E516673EB4C2 /* Frameworks */,
			);
			sourceTree = "<group>";
		};
		E91E154D24D41BB200332BB7 /* Products */ = {
			isa = PBXGroup;
			children = (
				E91E154C24D41BB200332BB7 /* LeaningPush.app */,
			);
			name = Products;
			sourceTree = "<group>";
		};
		E91E154E24D41BB200332BB7 /* LeaningPush */ = {
			isa = PBXGroup;
			children = (
				E91E154F24D41BB200332BB7 /* AppDelegate.swift */,
				E91E155124D41BB200332BB7 /* SceneDelegate.swift */,
				E91E155324D41BB200332BB7 /* ViewController.swift */,
				E91E155524D41BB200332BB7 /* Main.storyboard */,
				E91E155824D41BB400332BB7 /* Assets.xcassets */,
				E91E155A24D41BB400332BB7 /* LaunchScreen.storyboard */,
				E91E155D24D41BB400332BB7 /* Info.plist */,
			);
			path = LeaningPush;
			sourceTree = "<group>";
		};
/* End PBXGroup section */

/* Begin PBXNativeTarget section */
		E91E154B24D41BB200332BB7 /* LeaningPush */ = {
			isa = PBXNativeTarget;
			buildConfigurationList = E91E156024D41BB400332BB7 /* Build configuration list for PBXNativeTarget "LeaningPush" */;
			buildPhases = (
				1C0E0176899512FFF68A11EB /* [CP] Check Pods Manifest.lock */,
				E91E154824D41BB200332BB7 /* Sources */,
				E91E154924D41BB200332BB7 /* Frameworks */,
				E91E154A24D41BB200332BB7 /* Resources */,
				E61DB61BC63938C9965A6232 /* [CP] Embed Pods Frameworks */,
			);
			buildRules = (
			);
			dependencies = (
			);
			name = LeaningPush;
			productName = LeaningPush;
			productReference = E91E154C24D41BB200332BB7 /* LeaningPush.app */;
			productType = "com.apple.product-type.application";
		};
/* End PBXNativeTarget section */

/* Begin PBXProject section */
		E91E154424D41BB200332BB7 /* Project object */ = {
			isa = PBXProject;
			attributes = {
				LastSwiftUpdateCheck = 1150;
				LastUpgradeCheck = 1150;
				ORGANIZATIONNAME = haruka;
				TargetAttributes = {
					E91E154B24D41BB200332BB7 = {
						CreatedOnToolsVersion = 11.5;
					};
				};
			};
			buildConfigurationList = E91E154724D41BB200332BB7 /* Build configuration list for PBXProject "LeaningPush" */;
			compatibilityVersion = "Xcode 9.3";
			developmentRegion = en;
			hasScannedForEncodings = 0;
			knownRegions = (
				en,
				Base,
			);
			mainGroup = E91E154324D41BB200332BB7;
			productRefGroup = E91E154D24D41BB200332BB7 /* Products */;
			projectDirPath = "";
			projectRoot = "";
			targets = (
				E91E154B24D41BB200332BB7 /* LeaningPush */,
			);
		};
/* End PBXProject section */

/* Begin PBXResourcesBuildPhase section */
		E91E154A24D41BB200332BB7 /* Resources */ = {
			isa = PBXResourcesBuildPhase;
			buildActionMask = 2147483647;
			files = (
				E91E155C24D41BB400332BB7 /* LaunchScreen.storyboard in Resources */,
				E91E155924D41BB400332BB7 /* Assets.xcassets in Resources */,
				E91E155724D41BB200332BB7 /* Main.storyboard in Resources */,
			);
			runOnlyForDeploymentPostprocessing = 0;
		};
/* End PBXResourcesBuildPhase section */

/* Begin PBXShellScriptBuildPhase section */
		1C0E0176899512FFF68A11EB /* [CP] Check Pods Manifest.lock */ = {
			isa = PBXShellScriptBuildPhase;
			buildActionMask = 2147483647;
			files = (
			);
			inputFileListPaths = (
			);
			inputPaths = (
				"${PODS_PODFILE_DIR_PATH}/Podfile.lock",
				"${PODS_ROOT}/Manifest.lock",
			);
			name = "[CP] Check Pods Manifest.lock";
			outputFileListPaths = (
			);
			outputPaths = (
				"$(DERIVED_FILE_DIR)/Pods-LeaningPush-checkManifestLockResult.txt",
			);
			runOnlyForDeploymentPostprocessing = 0;
			shellPath = /bin/sh;
			shellScript = "diff \"${PODS_PODFILE_DIR_PATH}/Podfile.lock\" \"${PODS_ROOT}/Manifest.lock\" > /dev/null\nif [ $? != 0 ] ; then\n    # print error to STDERR\n    echo \"error: The sandbox is not in sync with the Podfile.lock. Run 'pod install' or update your CocoaPods installation.\" >&2\n    exit 1\nfi\n# This output is used by Xcode 'outputs' to avoid re-running this script phase.\necho \"SUCCESS\" > \"${SCRIPT_OUTPUT_FILE_0}\"\n";
			showEnvVarsInLog = 0;
		};
		E61DB61BC63938C9965A6232 /* [CP] Embed Pods Frameworks */ = {
			isa = PBXShellScriptBuildPhase;
			buildActionMask = 2147483647;
			files = (
			);
			inputFileListPaths = (
				"${PODS_ROOT}/Target Support Files/Pods-LeaningPush/Pods-LeaningPush-frameworks-${CONFIGURATION}-input-files.xcfilelist",
			);
			name = "[CP] Embed Pods Frameworks";
			outputFileListPaths = (
				"${PODS_ROOT}/Target Support Files/Pods-LeaningPush/Pods-LeaningPush-frameworks-${CONFIGURATION}-output-files.xcfilelist",
			);
			runOnlyForDeploymentPostprocessing = 0;
			shellPath = /bin/sh;
			shellScript = "\"${PODS_ROOT}/Target Support Files/Pods-LeaningPush/Pods-LeaningPush-frameworks.sh\"\n";
			showEnvVarsInLog = 0;
		};
/* End PBXShellScriptBuildPhase section */

/* Begin PBXSourcesBuildPhase section */
		E91E154824D41BB200332BB7 /* Sources */ = {
			isa = PBXSourcesBuildPhase;
			buildActionMask = 2147483647;
			files = (
				E91E155424D41BB200332BB7 /* ViewController.swift in Sources */,
				E91E155024D41BB200332BB7 /* AppDelegate.swift in Sources */,
				E91E155224D41BB200332BB7 /* SceneDelegate.swift in Sources */,
			);
			runOnlyForDeploymentPostprocessing = 0;
		};
/* End PBXSourcesBuildPhase section */

/* Begin PBXVariantGroup section */
		E91E155524D41BB200332BB7 /* Main.storyboard */ = {
			isa = PBXVariantGroup;
			children = (
				E91E155624D41BB200332BB7 /* Base */,
			);
			name = Main.storyboard;
			sourceTree = "<group>";
		};
		E91E155A24D41BB400332BB7 /* LaunchScreen.storyboard */ = {
			isa = PBXVariantGroup;
			children = (
				E91E155B24D41BB400332BB7 /* Base */,
			);
			name = LaunchScreen.storyboard;
			sourceTree = "<group>";
		};
/* End PBXVariantGroup section */

/* Begin XCBuildConfiguration section */
		E91E155E24D41BB400332BB7 /* Debug */ = {
			isa = XCBuildConfiguration;
			buildSettings = {
				ALWAYS_SEARCH_USER_PATHS = NO;
				CLANG_ANALYZER_NONNULL = YES;
				CLANG_ANALYZER_NUMBER_OBJECT_CONVERSION = YES_AGGRESSIVE;
				CLANG_CXX_LANGUAGE_STANDARD = "gnu++14";
				CLANG_CXX_LIBRARY = "libc++";
				CLANG_ENABLE_MODULES = YES;
				CLANG_ENABLE_OBJC_ARC = YES;
				CLANG_ENABLE_OBJC_WEAK = YES;
				CLANG_WARN_BLOCK_CAPTURE_AUTORELEASING = YES;
				CLANG_WARN_BOOL_CONVERSION = YES;
				CLANG_WARN_COMMA = YES;
				CLANG_WARN_CONSTANT_CONVERSION = YES;
				CLANG_WARN_DEPRECATED_OBJC_IMPLEMENTATIONS = YES;
				CLANG_WARN_DIRECT_OBJC_ISA_USAGE = YES_ERROR;
				CLANG_WARN_DOCUMENTATION_COMMENTS = YES;
				CLANG_WARN_EMPTY_BODY = YES;
				CLANG_WARN_ENUM_CONVERSION = YES;
				CLANG_WARN_INFINITE_RECURSION = YES;
				CLANG_WARN_INT_CONVERSION = YES;
				CLANG_WARN_NON_LITERAL_NULL_CONVERSION = YES;
				CLANG_WARN_OBJC_IMPLICIT_RETAIN_SELF = YES;
				CLANG_WARN_OBJC_LITERAL_CONVERSION = YES;
				CLANG_WARN_OBJC_ROOT_CLASS = YES_ERROR;
				CLANG_WARN_RANGE_LOOP_ANALYSIS = YES;
				CLANG_WARN_STRICT_PROTOTYPES = YES;
				CLANG_WARN_SUSPICIOUS_MOVE = YES;
				CLANG_WARN_UNGUARDED_AVAILABILITY = YES_AGGRESSIVE;
				CLANG_WARN_UNREACHABLE_CODE = YES;
				CLANG_WARN__DUPLICATE_METHOD_MATCH = YES;
				COPY_PHASE_STRIP = NO;
				DEBUG_INFORMATION_FORMAT = dwarf;
				ENABLE_STRICT_OBJC_MSGSEND = YES;
				ENABLE_TESTABILITY = YES;
				GCC_C_LANGUAGE_STANDARD = gnu11;
				GCC_DYNAMIC_NO_PIC = NO;
				GCC_NO_COMMON_BLOCKS = YES;
				GCC_OPTIMIZATION_LEVEL = 0;
				GCC_PREPROCESSOR_DEFINITIONS = (
					"DEBUG=1",
					"$(inherited)",
				);
				GCC_WARN_64_TO_32_BIT_CONVERSION = YES;
				GCC_WARN_ABOUT_RETURN_TYPE = YES_ERROR;
				GCC_WARN_UNDECLARED_SELECTOR = YES;
				GCC_WARN_UNINITIALIZED_AUTOS = YES_AGGRESSIVE;
				GCC_WARN_UNUSED_FUNCTION = YES;
				GCC_WARN_UNUSED_VARIABLE = YES;
				IPHONEOS_DEPLOYMENT_TARGET = 13.5;
				MTL_ENABLE_DEBUG_INFO = INCLUDE_SOURCE;
				MTL_FAST_MATH = YES;
				ONLY_ACTIVE_ARCH = YES;
				SDKROOT = iphoneos;
				SWIFT_ACTIVE_COMPILATION_CONDITIONS = DEBUG;
				SWIFT_OPTIMIZATION_LEVEL = "-Onone";
			};
			name = Debug;
		};
		E91E155F24D41BB400332BB7 /* Release */ = {
			isa = XCBuildConfiguration;
			buildSettings = {
				ALWAYS_SEARCH_USER_PATHS = NO;
				CLANG_ANALYZER_NONNULL = YES;
				CLANG_ANALYZER_NUMBER_OBJECT_CONVERSION = YES_AGGRESSIVE;
				CLANG_CXX_LANGUAGE_STANDARD = "gnu++14";
				CLANG_CXX_LIBRARY = "libc++";
				CLANG_ENABLE_MODULES = YES;
				CLANG_ENABLE_OBJC_ARC = YES;
				CLANG_ENABLE_OBJC_WEAK = YES;
				CLANG_WARN_BLOCK_CAPTURE_AUTORELEASING = YES;
				CLANG_WARN_BOOL_CONVERSION = YES;
				CLANG_WARN_COMMA = YES;
				CLANG_WARN_CONSTANT_CONVERSION = YES;
				CLANG_WARN_DEPRECATED_OBJC_IMPLEMENTATIONS = YES;
				CLANG_WARN_DIRECT_OBJC_ISA_USAGE = YES_ERROR;
				CLANG_WARN_DOCUMENTATION_COMMENTS = YES;
				CLANG_WARN_EMPTY_BODY = YES;
				CLANG_WARN_ENUM_CONVERSION = YES;
				CLANG_WARN_INFINITE_RECURSION = YES;
				CLANG_WARN_INT_CONVERSION = YES;
				CLANG_WARN_NON_LITERAL_NULL_CONVERSION = YES;
				CLANG_WARN_OBJC_IMPLICIT_RETAIN_SELF = YES;
				CLANG_WARN_OBJC_LITERAL_CONVERSION = YES;
				CLANG_WARN_OBJC_ROOT_CLASS = YES_ERROR;
				CLANG_WARN_RANGE_LOOP_ANALYSIS = YES;
				CLANG_WARN_STRICT_PROTOTYPES = YES;
				CLANG_WARN_SUSPICIOUS_MOVE = YES;
				CLANG_WARN_UNGUARDED_AVAILABILITY = YES_AGGRESSIVE;
				CLANG_WARN_UNREACHABLE_CODE = YES;
				CLANG_WARN__DUPLICATE_METHOD_MATCH = YES;
				COPY_PHASE_STRIP = NO;
				DEBUG_INFORMATION_FORMAT = "dwarf-with-dsym";
				ENABLE_NS_ASSERTIONS = NO;
				ENABLE_STRICT_OBJC_MSGSEND = YES;
				GCC_C_LANGUAGE_STANDARD = gnu11;
				GCC_NO_COMMON_BLOCKS = YES;
				GCC_WARN_64_TO_32_BIT_CONVERSION = YES;
				GCC_WARN_ABOUT_RETURN_TYPE = YES_ERROR;
				GCC_WARN_UNDECLARED_SELECTOR = YES;
				GCC_WARN_UNINITIALIZED_AUTOS = YES_AGGRESSIVE;
				GCC_WARN_UNUSED_FUNCTION = YES;
				GCC_WARN_UNUSED_VARIABLE = YES;
				IPHONEOS_DEPLOYMENT_TARGET = 13.5;
				MTL_ENABLE_DEBUG_INFO = NO;
				MTL_FAST_MATH = YES;
				SDKROOT = iphoneos;
				SWIFT_COMPILATION_MODE = wholemodule;
				SWIFT_OPTIMIZATION_LEVEL = "-O";
				VALIDATE_PRODUCT = YES;
			};
			name = Release;
		};
		E91E156124D41BB400332BB7 /* Debug */ = {
			isa = XCBuildConfiguration;
			baseConfigurationReference = 09D5229ED0EFD0E49D3FADFF /* Pods-LeaningPush.debug.xcconfig */;
			buildSettings = {
				ASSETCATALOG_COMPILER_APPICON_NAME = AppIcon;
				CODE_SIGN_STYLE = Automatic;
				DEVELOPMENT_TEAM = WP7S55J7F7;
				INFOPLIST_FILE = LeaningPush/Info.plist;
				LD_RUNPATH_SEARCH_PATHS = (
					"$(inherited)",
					"@executable_path/Frameworks",
				);
				PRODUCT_BUNDLE_IDENTIFIER = haruka.LeaningPush;
				PRODUCT_NAME = "$(TARGET_NAME)";
				SWIFT_VERSION = 5.0;
				TARGETED_DEVICE_FAMILY = "1,2";
			};
			name = Debug;
		};
		E91E156224D41BB400332BB7 /* Release */ = {
			isa = XCBuildConfiguration;
			baseConfigurationReference = 0CACE9F072DC6799E7F10FCC /* Pods-LeaningPush.release.xcconfig */;
			buildSettings = {
				ASSETCATALOG_COMPILER_APPICON_NAME = AppIcon;
				CODE_SIGN_STYLE = Automatic;
				DEVELOPMENT_TEAM = WP7S55J7F7;
				INFOPLIST_FILE = LeaningPush/Info.plist;
				LD_RUNPATH_SEARCH_PATHS = (
					"$(inherited)",
					"@executable_path/Frameworks",
				);
				PRODUCT_BUNDLE_IDENTIFIER = haruka.LeaningPush;
				PRODUCT_NAME = "$(TARGET_NAME)";
				SWIFT_VERSION = 5.0;
				TARGETED_DEVICE_FAMILY = "1,2";
			};
			name = Release;
		};
/* End XCBuildConfiguration section */

/* Begin XCConfigurationList section */
		E91E154724D41BB200332BB7 /* Build configuration list for PBXProject "LeaningPush" */ = {
			isa = XCConfigurationList;
			buildConfigurations = (
				E91E155E24D41BB400332BB7 /* Debug */,
				E91E155F24D41BB400332BB7 /* Release */,
			);
			defaultConfigurationIsVisible = 0;
			defaultConfigurationName = Release;
		};
		E91E156024D41BB400332BB7 /* Build configuration list for PBXNativeTarget "LeaningPush" */ = {
			isa = XCConfigurationList;
			buildConfigurations = (
				E91E156124D41BB400332BB7 /* Debug */,
				E91E156224D41BB400332BB7 /* Release */,
			);
			defaultConfigurationIsVisible = 0;
			defaultConfigurationName = Release;
		};
/* End XCConfigurationList section */
	};
	rootObject = E91E154424D41BB200332BB7 /* Project object */;
}
